<?xml version="1.0" encoding="utf-8"?>
<Project ToolsVersion="4.0" xmlns="http://schemas.microsoft.com/developer/msbuild/2003">
  <ItemGroup>
    <Filter Include="Source Files">
      <UniqueIdentifier>{4FC737F1-C7A5-4376-A066-2A32D752A2FF}</UniqueIdentifier>
      <Extensions>cpp;c;cc;cxx;c++;cppm;ixx;def;odl;idl;hpj;bat;asm;asmx</Extensions>
    </Filter>
    <Filter Include="Header Files">
      <UniqueIdentifier>{93995380-89BD-4b04-88EB-625FBE52EBFB}</UniqueIdentifier>
      <Extensions>h;hh;hpp;hxx;h++;hm;inl;inc;ipp;xsd</Extensions>
    </Filter>
    <Filter Include="Resource Files">
      <UniqueIdentifier>{67DA6AB6-F800-4c08-8B7A-83BB121AAD01}</UniqueIdentifier>
      <Extensions>rc;ico;cur;bmp;dlg;rc2;rct;bin;rgs;gif;jpg;jpeg;jpe;resx;tiff;tif;png;wav;mfcribbon-ms</Extensions>
    </Filter>
    <Filter Include="Header Files\sonic">
      <UniqueIdentifier>{c96b0e12-437f-43e1-ae3b-c2a4773856b1}</UniqueIdentifier>
    </Filter>
    <Filter Include="Source Files\sonic">
      <UniqueIdentifier>{f4f597d6-353e-40d4-b11b-f973ceeebd75}</UniqueIdentifier>
    </Filter>
    <Filter Include="Header Files\engine">
      <UniqueIdentifier>{4cf462bd-5de9-4b1e-81e1-8b62e78ab49c}</UniqueIdentifier>
    </Filter>
    <Filter Include="Source Files\engine">
      <UniqueIdentifier>{f01774bc-b597-459b-a272-7de169186736}</UniqueIdentifier>
    </Filter>
    <Filter Include="Library Files">
      <UniqueIdentifier>{0dbf89ee-3289-4308-b490-a2fe9ce007e7}</UniqueIdentifier>
    </Filter>
  </ItemGroup>
  <ItemGroup>
    <ClCompile Include="src\main.c">
      <Filter>Source Files</Filter>
    </ClCompile>
    <ClCompile Include="src\sonic\menu_state.c">
      <Filter>Source Files\sonic</Filter>
    </ClCompile>
    <ClCompile Include="src\engine\window.c">
      <Filter>Source Files\engine</Filter>
    </ClCompile>
    <ClCompile Include="src\engine\game.c">
      <Filter>Source Files\engine</Filter>
    </ClCompile>
    <ClCompile Include="src\engine\error.c">
      <Filter>Source Files\engine</Filter>
    </ClCompile>
    <ClCompile Include="src\engine\engine.c">
      <Filter>Source Files\engine</Filter>
    </ClCompile>
  </ItemGroup>
  <ItemGroup>
    <ClInclude Include="src\sonic\menu_state.h">
      <Filter>Header Files\sonic</Filter>
    </ClInclude>
    <ClInclude Include="src\engine\window.h">
      <Filter>Header Files\engine</Filter>
    </ClInclude>
    <ClInclude Include="src\engine\game_state.h">
      <Filter>Header Files\engine</Filter>
    </ClInclude>
    <ClInclude Include="src\engine\game.h">
      <Filter>Header Files\engine</Filter>
    </ClInclude>
    <ClInclude Include="src\engine\error.h">
      <Filter>Header Files\engine</Filter>
    </ClInclude>
    <ClInclude Include="src\engine\engine.h">
      <Filter>Header Files\engine</Filter>
    </ClInclude>
    <ClInclude Include="src\engine\types.h">
      <Filter>Header Files\engine</Filter>
    </ClInclude>
  </ItemGroup>
  <ItemGroup>
    <Library Include="lib\json-c-static.lib">
      <Filter>Library Files</Filter>
    </Library>
  </ItemGroup>
</Project>